
Microsoft Visual Studio Solution File, Format Version 12.00
# Visual Studio Version 17
VisualStudioVersion = 17.5.33516.290
MinimumVisualStudioVersion = 10.0.40219.1
Project("{FAE04EC0-301F-11D3-BF4B-00C04F79EFBC}") = "EnglishProject", "EnglishProject.csproj", "{2DB0BB07-FB37-4B9B-9E8B-FA3E617D3FAE}"
EndProject
Global
	GlobalSection(SolutionConfigurationPlatforms) = preSolution
		Debug|Any CPU = Debug|Any CPU
		Release|Any CPU = Release|Any CPU
	EndGlobalSection
	GlobalSection(ProjectConfigurationPlatforms) = postSolution
		{2DB0BB07-FB37-4B9B-9E8B-FA3E617D3FAE}.Debug|Any CPU.ActiveCfg = Debug|Any CPU
		{2DB0BB07-FB37-4B9B-9E8B-FA3E617D3FAE}.Debug|Any CPU.Build.0 = Debug|Any CPU
		{2DB0BB07-FB37-4B9B-9E8B-FA3E617D3FAE}.Release|Any CPU.ActiveCfg = Release|Any CPU
		{2DB0BB07-FB37-4B9B-9E8B-FA3E617D3FAE}.Release|Any CPU.Build.0 = Release|Any CPU
	EndGlobalSection
	GlobalSection(SolutionProperties) = preSolution
		HideSolutionNode = FALSE
	EndGlobalSection
	GlobalSection(ExtensibilityGlobals) = postSolution
		SolutionGuid = {A2497F0D-81BB-4044-A01C-B9458D1CE790}
	EndGlobalSection
EndGlobal
